#
# This file is autogenerated by pip-compile with Python 3.12
# by the following command:
#
#    pip-compile --output-file=requirements.lock pyproject.toml
#
annotated-types==0.7.0
    # via pydantic
anyio==4.12.1
    # via
    #   httpx
    #   starlette
    #   watchfiles
argon2-cffi==25.1.0
    # via minio
argon2-cffi-bindings==25.1.0
    # via argon2-cffi
certifi==2026.2.25
    # via
    #   httpcore
    #   httpx
    #   minio
cffi==2.0.0
    # via argon2-cffi-bindings
click==8.3.1
    # via uvicorn
fastapi==0.115.0
    # via mobicare-llmguidance (pyproject.toml)
grpcio==1.78.0
    # via
    #   grpcio-tools
    #   qdrant-client
grpcio-tools==1.78.0
    # via qdrant-client
h11==0.16.0
    # via
    #   httpcore
    #   uvicorn
h2==4.3.0
    # via httpx
hiredis==3.3.0
    # via redis
hpack==4.1.0
    # via h2
httpcore==1.0.9
    # via httpx
httptools==0.7.1
    # via uvicorn
httpx[http2]==0.27.2
    # via
    #   mobicare-llmguidance (pyproject.toml)
    #   qdrant-client
hyperframe==6.1.0
    # via h2
idna==3.11
    # via
    #   anyio
    #   httpx
minio==7.2.18
    # via mobicare-llmguidance (pyproject.toml)
numpy==2.4.3
    # via qdrant-client
portalocker==2.10.1
    # via qdrant-client
protobuf==6.33.5
    # via grpcio-tools
pycparser==3.0
    # via cffi
pycryptodome==3.23.0
    # via minio
pydantic==2.9.2
    # via
    #   fastapi
    #   mobicare-llmguidance (pyproject.toml)
    #   pydantic-settings
    #   qdrant-client
pydantic-core==2.23.4
    # via pydantic
pydantic-settings==2.5.2
    # via mobicare-llmguidance (pyproject.toml)
pypdf==5.0.1
    # via mobicare-llmguidance (pyproject.toml)
python-dotenv==1.2.2
    # via
    #   pydantic-settings
    #   uvicorn
python-multipart==0.0.22
    # via mobicare-llmguidance (pyproject.toml)
pyyaml==6.0.3
    # via uvicorn
qdrant-client==1.12.1
    # via mobicare-llmguidance (pyproject.toml)
redis[hiredis]==5.2.0
    # via mobicare-llmguidance (pyproject.toml)
sniffio==1.3.1
    # via httpx
starlette==0.38.6
    # via fastapi
typing-extensions==4.15.0
    # via
    #   anyio
    #   fastapi
    #   grpcio
    #   minio
    #   pydantic
    #   pydantic-core
urllib3==2.6.3
    # via
    #   minio
    #   qdrant-client
uvicorn[standard]==0.30.6
    # via mobicare-llmguidance (pyproject.toml)
uvloop==0.22.1
    # via uvicorn
watchfiles==1.1.1
    # via uvicorn
websockets==16.0
    # via uvicorn

# The following packages are considered to be unsafe in a requirements file:
# setuptools
